<?xml version="1.0" encoding="utf-8"?>
<Project ToolsVersion="4.0" xmlns="http://schemas.microsoft.com/developer/msbuild/2003">
  <ItemGroup>
    <Filter Include="Source Files">
      <UniqueIdentifier>{4FC737F1-C7A5-4376-A066-2A32D752A2FF}</UniqueIdentifier>
      <Extensions>cpp;c;cc;cxx;def;odl;idl;hpj;bat;asm;asmx</Extensions>
    </Filter>
    <Filter Include="Header Files">
      <UniqueIdentifier>{93995380-89BD-4b04-88EB-625FBE52EBFB}</UniqueIdentifier>
      <Extensions>h;hh;hpp;hxx;hm;inl;inc;xsd</Extensions>
    </Filter>
    <Filter Include="Resource Files">
      <UniqueIdentifier>{67DA6AB6-F800-4c08-8B7A-83BB121AAD01}</UniqueIdentifier>
      <Extensions>rc;ico;cur;bmp;dlg;rc2;rct;bin;rgs;gif;jpg;jpeg;jpe;resx;tiff;tif;png;wav;mfcribbon-ms</Extensions>
    </Filter>
    <Filter Include="komodo">
      <UniqueIdentifier>{91967f6c-b2b3-4c27-b6c7-09dd7f23ca8d}</UniqueIdentifier>
    </Filter>
    <Filter Include="modbus">
      <UniqueIdentifier>{45346b82-adba-4869-b063-8369ce0effed}</UniqueIdentifier>
    </Filter>
    <Filter Include="libusb">
      <UniqueIdentifier>{69ab3e91-aaea-4071-bbe5-ce9c11e51651}</UniqueIdentifier>
    </Filter>
  </ItemGroup>
  <ItemGroup>
    <ClCompile Include="..\Leddar\LdBitFieldProperty.cpp">
      <Filter>Source Files</Filter>
    </ClCompile>
    <ClCompile Include="..\Leddar\LdBoolProperty.cpp">
      <Filter>Source Files</Filter>
    </ClCompile>
    <ClCompile Include="..\Leddar\LdCarrierEnhancedModbus.cpp">
      <Filter>Source Files</Filter>
    </ClCompile>
    <ClCompile Include="..\Leddar\LdConnection.cpp">
      <Filter>Source Files</Filter>
    </ClCompile>
    <ClCompile Include="..\Leddar\LdConnectionFactory.cpp">
      <Filter>Source Files</Filter>
    </ClCompile>
    <ClCompile Include="..\Leddar\LdConnectionInfo.cpp">
      <Filter>Source Files</Filter>
    </ClCompile>
    <ClCompile Include="..\Leddar\LdConnectionUniversal.cpp">
      <Filter>Source Files</Filter>
    </ClCompile>
    <ClCompile Include="..\Leddar\LdConnectionUniversalModbus.cpp">
      <Filter>Source Files</Filter>
    </ClCompile>
    <ClCompile Include="..\Leddar\LdConnectionUniversalSpi.cpp">
      <Filter>Source Files</Filter>
    </ClCompile>
    <ClCompile Include="..\Leddar\LdDevice.cpp">
      <Filter>Source Files</Filter>
    </ClCompile>
    <ClCompile Include="..\Leddar\LdDeviceFactory.cpp">
      <Filter>Source Files</Filter>
    </ClCompile>
    <ClCompile Include="..\Leddar\LdEnumProperty.cpp">
      <Filter>Source Files</Filter>
    </ClCompile>
    <ClCompile Include="..\Leddar\LdEthernet.cpp">
      <Filter>Source Files</Filter>
    </ClCompile>
    <ClCompile Include="..\Leddar\LdFloatProperty.cpp">
      <Filter>Source Files</Filter>
    </ClCompile>
    <ClCompile Include="..\Leddar\LdIntegerProperty.cpp">
      <Filter>Source Files</Filter>
    </ClCompile>
    <ClCompile Include="..\Leddar\LdLibModbusSerial.cpp">
      <Filter>Source Files</Filter>
    </ClCompile>
    <ClCompile Include="..\Leddar\LdObject.cpp">
      <Filter>Source Files</Filter>
    </ClCompile>
    <ClCompile Include="..\Leddar\LdPropertiesContainer.cpp">
      <Filter>Source Files</Filter>
    </ClCompile>
    <ClCompile Include="..\Leddar\LdProperty.cpp">
      <Filter>Source Files</Filter>
    </ClCompile>
    <ClCompile Include="..\Leddar\LdResultEchoes.cpp">
      <Filter>Source Files</Filter>
    </ClCompile>
    <ClCompile Include="..\Leddar\LdResultProvider.cpp">
      <Filter>Source Files</Filter>
    </ClCompile>
    <ClCompile Include="..\Leddar\LdResultStates.cpp">
      <Filter>Source Files</Filter>
    </ClCompile>
    <ClCompile Include="..\Leddar\LdSensor.cpp">
      <Filter>Source Files</Filter>
    </ClCompile>
    <ClCompile Include="..\Leddar\LdSpiFTDI.cpp">
      <Filter>Source Files</Filter>
    </ClCompile>
    <ClCompile Include="..\Leddar\LdTextProperty.cpp">
      <Filter>Source Files</Filter>
    </ClCompile>
    <ClCompile Include="..\LeddarTech\LtCRCUtils.cpp">
      <Filter>Source Files</Filter>
    </ClCompile>
    <ClCompile Include="..\LeddarTech\LtStringUtils.cpp">
      <Filter>Source Files</Filter>
    </ClCompile>
    <ClCompile Include="..\LeddarTech\LtSystemUtils.cpp">
      <Filter>Source Files</Filter>
    </ClCompile>
    <ClCompile Include="..\LeddarTech\LtTimeUtils.cpp">
      <Filter>Source Files</Filter>
    </ClCompile>
    <ClCompile Include="..\Leddar\LdSensorVu.cpp">
      <Filter>Source Files</Filter>
    </ClCompile>
    <ClCompile Include="..\Leddar\LdSensorVu8.cpp">
      <Filter>Source Files</Filter>
    </ClCompile>
    <ClCompile Include="..\..\libs\libusb\core.c">
      <Filter>libusb</Filter>
    </ClCompile>
    <ClCompile Include="..\..\libs\libusb\descriptor.c">
      <Filter>libusb</Filter>
    </ClCompile>
    <ClCompile Include="..\..\libs\libusb\io.c">
      <Filter>libusb</Filter>
    </ClCompile>
    <ClCompile Include="..\..\libs\libusb\sync.c">
      <Filter>libusb</Filter>
    </ClCompile>
    <ClCompile Include="..\..\libs\libusb\os\poll_windows.c">
      <Filter>libusb</Filter>
    </ClCompile>
    <ClCompile Include="..\..\libs\libusb\os\threads_windows.c">
      <Filter>libusb</Filter>
    </ClCompile>
    <ClCompile Include="..\Leddar\LdLibUsb.cpp">
      <Filter>Source Files</Filter>
    </ClCompile>
    <ClCompile Include="..\..\libs\libusb\hotplug.c">
      <Filter>libusb</Filter>
    </ClCompile>
    <ClCompile Include="..\..\libs\libusb\strerror.c">
      <Filter>libusb</Filter>
    </ClCompile>
    <ClCompile Include="..\..\libs\libusb\os\windows_nt_common.c">
      <Filter>libusb</Filter>
    </ClCompile>
    <ClCompile Include="..\..\libs\libusb\os\windows_winusb.c">
      <Filter>libusb</Filter>
    </ClCompile>
    <ClCompile Include="..\LeddarTech\LtKeyboardUtils.cpp">
      <Filter>Source Files</Filter>
    </ClCompile>
    <ClCompile Include="..\Leddar\LdSensorVu8Modbus.cpp">
      <Filter>Source Files</Filter>
    </ClCompile>
    <ClCompile Include="..\Leddar\LdSensorM16Modbus.cpp">
      <Filter>Source Files</Filter>
    </ClCompile>
    <ClCompile Include="..\Leddar\LdSensorOneModbus.cpp">
      <Filter>Source Files</Filter>
    </ClCompile>
    <ClCompile Include="..\Leddar\LdDoubleBuffer.cpp">
      <Filter>Source Files</Filter>
    </ClCompile>
    <ClCompile Include="..\Leddar\LdProtocolLeddarTech.cpp">
      <Filter>Source Files</Filter>
    </ClCompile>
    <ClCompile Include="..\Leddar\LdProtocolLeddartechUSB.cpp">
      <Filter>Source Files</Filter>
    </ClCompile>
    <ClCompile Include="..\Leddar\LdSensorM16.cpp">
      <Filter>Source Files</Filter>
    </ClCompile>
    <ClCompile Include="..\Leddar\LdSensorM16Laser.cpp">
      <Filter>Source Files</Filter>
    </ClCompile>
    <ClCompile Include="..\Leddar\LdBufferProperty.cpp">
      <Filter>Source Files</Filter>
    </ClCompile>
    <ClCompile Include="..\Leddar\LdLjrRecorder.cpp">
      <Filter>Source Files</Filter>
    </ClCompile>
    <ClCompile Include="..\Leddar\LdLjrRecordReader.cpp">
      <Filter>Source Files</Filter>
    </ClCompile>
    <ClCompile Include="..\Leddar\LdRecordPlayer.cpp">
      <Filter>Source Files</Filter>
    </ClCompile>
    <ClCompile Include="..\LeddarTech\LtFileUtils.cpp">
      <Filter>Source Files</Filter>
    </ClCompile>
    <ClCompile Include="..\..\libs\Komodo\komodo.c">
      <Filter>komodo</Filter>
    </ClCompile>
    <ClCompile Include="..\Leddar\LdCanKomodo.cpp">
      <Filter>Source Files</Filter>
    </ClCompile>
    <ClCompile Include="..\Leddar\LdInterfaceCan.cpp">
      <Filter>Source Files</Filter>
    </ClCompile>
    <ClCompile Include="..\Leddar\LdProtocolCan.cpp">
      <Filter>Source Files</Filter>
    </ClCompile>
    <ClCompile Include="..\Leddar\LdSensorM16Can.cpp">
      <Filter>Source Files</Filter>
    </ClCompile>
    <ClCompile Include="..\Leddar\LdConnectionUniversalCan.cpp">
      <Filter>Source Files</Filter>
    </ClCompile>
    <ClCompile Include="..\Leddar\LdSensorVu8Can.cpp">
      <Filter>Source Files</Filter>
    </ClCompile>
    <ClCompile Include="..\..\libs\libmodbus\src\modbus.c">
      <Filter>modbus</Filter>
    </ClCompile>
    <ClCompile Include="..\..\libs\libmodbus\src\modbus-data.c">
      <Filter>modbus</Filter>
    </ClCompile>
    <ClCompile Include="..\..\libs\libmodbus\src\modbus-LT.c">
      <Filter>modbus</Filter>
    </ClCompile>
    <ClCompile Include="..\..\libs\libmodbus\src\modbus-rtu.c">
      <Filter>modbus</Filter>
    </ClCompile>
    <ClCompile Include="..\..\libs\libmodbus\src\modbus-tcp.c">
      <Filter>modbus</Filter>
    </ClCompile>
    <ClCompile Include="..\LeddarTech\LtMathUtils.cpp">
      <Filter>Source Files</Filter>
    </ClCompile>
    <ClCompile Include="..\Leddar\LdSensorIS16.cpp">
      <Filter>Source Files</Filter>
    </ClCompile>
  </ItemGroup>
  <ItemGroup>
    <ClInclude Include="..\Leddar\LdBitFieldProperty.h">
      <Filter>Header Files</Filter>
    </ClInclude>
    <ClInclude Include="..\Leddar\LdBoolProperty.h">
      <Filter>Header Files</Filter>
    </ClInclude>
    <ClInclude Include="..\Leddar\LdCarrierEnhancedModbus.h">
      <Filter>Header Files</Filter>
    </ClInclude>
    <ClInclude Include="..\Leddar\LdConnection.h">
      <Filter>Header Files</Filter>
    </ClInclude>
    <ClInclude Include="..\Leddar\LdConnectionDefines.h">
      <Filter>Header Files</Filter>
    </ClInclude>
    <ClInclude Include="..\Leddar\LdConnectionFactory.h">
      <Filter>Header Files</Filter>
    </ClInclude>
    <ClInclude Include="..\Leddar\LdConnectionInfo.h">
      <Filter>Header Files</Filter>
    </ClInclude>
    <ClInclude Include="..\Leddar\LdConnectionInfoEthernet.h">
      <Filter>Header Files</Filter>
    </ClInclude>
    <ClInclude Include="..\Leddar\LdConnectionInfoModbus.h">
      <Filter>Header Files</Filter>
    </ClInclude>
    <ClInclude Include="..\Leddar\LdConnectionInfoSpi.h">
      <Filter>Header Files</Filter>
    </ClInclude>
    <ClInclude Include="..\Leddar\LdConnectionModbusStructures.h">
      <Filter>Header Files</Filter>
    </ClInclude>
    <ClInclude Include="..\Leddar\LdConnectionUniversal.h">
      <Filter>Header Files</Filter>
    </ClInclude>
    <ClInclude Include="..\Leddar\LdConnectionUniversalDefines.h">
      <Filter>Header Files</Filter>
    </ClInclude>
    <ClInclude Include="..\Leddar\LdConnectionUniversalModbus.h">
      <Filter>Header Files</Filter>
    </ClInclude>
    <ClInclude Include="..\Leddar\LdConnectionUniversalSpi.h">
      <Filter>Header Files</Filter>
    </ClInclude>
    <ClInclude Include="..\Leddar\LdDefines.h">
      <Filter>Header Files</Filter>
    </ClInclude>
    <ClInclude Include="..\Leddar\LdDevice.h">
      <Filter>Header Files</Filter>
    </ClInclude>
    <ClInclude Include="..\Leddar\LdDeviceFactory.h">
      <Filter>Header Files</Filter>
    </ClInclude>
    <ClInclude Include="..\Leddar\LdEnumProperty.h">
      <Filter>Header Files</Filter>
    </ClInclude>
    <ClInclude Include="..\Leddar\LdEthernet.h">
      <Filter>Header Files</Filter>
    </ClInclude>
    <ClInclude Include="..\Leddar\LdFloatProperty.h">
      <Filter>Header Files</Filter>
    </ClInclude>
    <ClInclude Include="..\Leddar\LdIntegerProperty.h">
      <Filter>Header Files</Filter>
    </ClInclude>
    <ClInclude Include="..\Leddar\LdInterfaceEthernet.h">
      <Filter>Header Files</Filter>
    </ClInclude>
    <ClInclude Include="..\Leddar\LdInterfaceModbus.h">
      <Filter>Header Files</Filter>
    </ClInclude>
    <ClInclude Include="..\Leddar\LdLibModbusSerial.h">
      <Filter>Header Files</Filter>
    </ClInclude>
    <ClInclude Include="..\Leddar\LdObject.h">
      <Filter>Header Files</Filter>
    </ClInclude>
    <ClInclude Include="..\Leddar\LdPropertiesContainer.h">
      <Filter>Header Files</Filter>
    </ClInclude>
    <ClInclude Include="..\Leddar\LdProperty.h">
      <Filter>Header Files</Filter>
    </ClInclude>
    <ClInclude Include="..\Leddar\LdPropertyIds.h">
      <Filter>Header Files</Filter>
    </ClInclude>
    <ClInclude Include="..\Leddar\LdResultEchoes.h">
      <Filter>Header Files</Filter>
    </ClInclude>
    <ClInclude Include="..\Leddar\LdResultProvider.h">
      <Filter>Header Files</Filter>
    </ClInclude>
    <ClInclude Include="..\Leddar\LdResultStates.h">
      <Filter>Header Files</Filter>
    </ClInclude>
    <ClInclude Include="..\Leddar\LdSensor.h">
      <Filter>Header Files</Filter>
    </ClInclude>
    <ClInclude Include="..\Leddar\LdSpiFTDI.h">
      <Filter>Header Files</Filter>
    </ClInclude>
    <ClInclude Include="..\Leddar\LdTextProperty.h">
      <Filter>Header Files</Filter>
    </ClInclude>
    <ClInclude Include="..\LeddarTech\LtCRCUtils.h">
      <Filter>Header Files</Filter>
    </ClInclude>
    <ClInclude Include="..\LeddarTech\LtDefines.h">
      <Filter>Header Files</Filter>
    </ClInclude>
    <ClInclude Include="..\LeddarTech\LtExceptions.h">
      <Filter>Header Files</Filter>
    </ClInclude>
    <ClInclude Include="..\LeddarTech\LtIntUtilities.h">
      <Filter>Header Files</Filter>
    </ClInclude>
    <ClInclude Include="..\LeddarTech\LtStringUtils.h">
      <Filter>Header Files</Filter>
    </ClInclude>
    <ClInclude Include="..\LeddarTech\LtSystemUtils.h">
      <Filter>Header Files</Filter>
    </ClInclude>
    <ClInclude Include="..\LeddarTech\LtTimeUtils.h">
      <Filter>Header Files</Filter>
    </ClInclude>
    <ClInclude Include="..\Leddar\LdSensorVu.h">
      <Filter>Header Files</Filter>
    </ClInclude>
    <ClInclude Include="..\Leddar\LdSensorVu8.h">
      <Filter>Header Files</Filter>
    </ClInclude>
    <ClInclude Include="..\Leddar\LdInterfaceSpi.h">
      <Filter>Header Files</Filter>
    </ClInclude>
    <ClInclude Include="..\Leddar\LdConnectionInfoUsb.h">
      <Filter>Header Files</Filter>
    </ClInclude>
    <ClInclude Include="..\Leddar\LdInterfaceUsb.h">
      <Filter>Header Files</Filter>
    </ClInclude>
    <ClInclude Include="..\Leddar\LdLibUsb.h">
      <Filter>Header Files</Filter>
    </ClInclude>
    <ClInclude Include="..\LeddarTech\LtKeyboardUtils.h">
      <Filter>Header Files</Filter>
    </ClInclude>
    <ClInclude Include="..\Leddar\LdSensorVu8Modbus.h">
      <Filter>Header Files</Filter>
    </ClInclude>
    <ClInclude Include="..\Leddar\LdProtocolsDefines.h">
      <Filter>Header Files</Filter>
    </ClInclude>
    <ClInclude Include="..\Leddar\LdSensorM16Modbus.h">
      <Filter>Header Files</Filter>
    </ClInclude>
    <ClInclude Include="..\Leddar\LdSensorOneModbus.h">
      <Filter>Header Files</Filter>
    </ClInclude>
    <ClInclude Include="..\Leddar\LdDoubleBuffer.h">
      <Filter>Header Files</Filter>
    </ClInclude>
    <ClInclude Include="..\Leddar\LdProtocolLeddarTech.h">
      <Filter>Header Files</Filter>
    </ClInclude>
    <ClInclude Include="..\Leddar\LdProtocolLeddartechUSB.h">
      <Filter>Header Files</Filter>
    </ClInclude>
    <ClInclude Include="..\Leddar\LdSensorM16.h">
      <Filter>Header Files</Filter>
    </ClInclude>
    <ClInclude Include="..\Leddar\LdSensorM16Laser.h">
      <Filter>Header Files</Filter>
    </ClInclude>
    <ClInclude Include="..\Leddar\LdBufferProperty.h">
      <Filter>Header Files</Filter>
    </ClInclude>
    <ClInclude Include="..\Leddar\LdLjrDefines.h">
      <Filter>Header Files</Filter>
    </ClInclude>
    <ClInclude Include="..\Leddar\LdLjrRecorder.h">
      <Filter>Header Files</Filter>
    </ClInclude>
    <ClInclude Include="..\Leddar\LdLjrRecordReader.h">
      <Filter>Header Files</Filter>
    </ClInclude>
    <ClInclude Include="..\Leddar\LdRecordPlayer.h">
      <Filter>Header Files</Filter>
    </ClInclude>
    <ClInclude Include="..\Leddar\LdRecordReader.h">
      <Filter>Header Files</Filter>
    </ClInclude>
    <ClInclude Include="..\LeddarTech\LtFileUtils.h">
      <Filter>Header Files</Filter>
    </ClInclude>
    <ClInclude Include="..\Leddar\LdCanKomodo.h">
      <Filter>Header Files</Filter>
    </ClInclude>
    <ClInclude Include="..\Leddar\LdConnectionInfoCan.h">
      <Filter>Header Files</Filter>
    </ClInclude>
    <ClInclude Include="..\Leddar\LdInterfaceCan.h">
      <Filter>Header Files</Filter>
    </ClInclude>
    <ClInclude Include="..\Leddar\LdProtocolCan.h">
      <Filter>Header Files</Filter>
    </ClInclude>
    <ClInclude Include="..\Leddar\LdSensorM16Can.h">
      <Filter>Header Files</Filter>
    </ClInclude>
    <ClInclude Include="..\..\libs\Komodo\komodo.h">
      <Filter>komodo</Filter>
    </ClInclude>
    <ClInclude Include="..\..\libs\libusb\msvc\config.h">
      <Filter>libusb</Filter>
    </ClInclude>
    <ClInclude Include="..\..\libs\libusb\hotplug.h">
      <Filter>libusb</Filter>
    </ClInclude>
    <ClInclude Include="..\..\libs\libusb\libusb.h">
      <Filter>libusb</Filter>
    </ClInclude>
    <ClInclude Include="..\..\libs\libusb\libusbi.h">
      <Filter>libusb</Filter>
    </ClInclude>
    <ClInclude Include="..\..\libs\libusb\os\poll_windows.h">
      <Filter>libusb</Filter>
    </ClInclude>
    <ClInclude Include="..\..\libs\libusb\os\threads_windows.h">
      <Filter>libusb</Filter>
    </ClInclude>
    <ClInclude Include="..\..\libs\libusb\version.h">
      <Filter>libusb</Filter>
    </ClInclude>
    <ClInclude Include="..\..\libs\libusb\version_nano.h">
      <Filter>libusb</Filter>
    </ClInclude>
    <ClInclude Include="..\..\libs\libusb\os\windows_common.h">
      <Filter>libusb</Filter>
    </ClInclude>
    <ClInclude Include="..\..\libs\libusb\os\windows_nt_common.h">
      <Filter>libusb</Filter>
    </ClInclude>
    <ClInclude Include="..\..\libs\libusb\os\windows_winusb.h">
      <Filter>libusb</Filter>
    </ClInclude>
    <ClInclude Include="..\Leddar\LdConnectionUniversalCan.h">
      <Filter>Header Files</Filter>
    </ClInclude>
    <ClInclude Include="..\Leddar\LdSensorVu8Can.h">
      <Filter>Header Files</Filter>
    </ClInclude>
    <ClInclude Include="..\..\libs\libmodbus\src\modbus.h">
      <Filter>modbus</Filter>
    </ClInclude>
    <ClInclude Include="..\..\libs\libmodbus\src\modbus-LT.h">
      <Filter>modbus</Filter>
    </ClInclude>
    <ClInclude Include="..\..\libs\libmodbus\src\modbus-private.h">
      <Filter>modbus</Filter>
    </ClInclude>
    <ClInclude Include="..\..\libs\libmodbus\src\modbus-rtu.h">
      <Filter>modbus</Filter>
    </ClInclude>
    <ClInclude Include="..\..\libs\libmodbus\src\modbus-rtu-private.h">
      <Filter>modbus</Filter>
    </ClInclude>
    <ClInclude Include="..\..\libs\libmodbus\src\modbus-tcp.h">
      <Filter>modbus</Filter>
    </ClInclude>
    <ClInclude Include="..\..\libs\libmodbus\src\modbus-tcp-private.h">
      <Filter>modbus</Filter>
    </ClInclude>
    <ClInclude Include="..\..\libs\libmodbus\src\modbus-version.h">
      <Filter>modbus</Filter>
    </ClInclude>
    <ClInclude Include="..\LeddarTech\LtMathUtils.h">
      <Filter>Header Files</Filter>
    </ClInclude>
    <ClInclude Include="..\Leddar\LdSensorIS16.h">
      <Filter>Header Files</Filter>
    </ClInclude>
  </ItemGroup>
</Project>